
Microsoft Visual Studio Solution File, Format Version 12.00
# Visual Studio 14
VisualStudioVersion = 14.0.23107.0
MinimumVisualStudioVersion = 10.0.40219.1
Project("{FAE04EC0-301F-11D3-BF4B-00C04F79EFBC}") = "Sigma", "Sigma\Sigma.csproj", "{ABC929F2-96DC-4F74-9944-60D07457EF77}"
EndProject
Project("{FAE04EC0-301F-11D3-BF4B-00C04F79EFBC}") = "SigmaLibrary", "SigmaLibrary\SigmaLibrary.csproj", "{ABC9454F-6529-4D2C-A2F1-198A102871AA}"
EndProject
Global
	GlobalSection(SolutionConfigurationPlatforms) = preSolution
		Debug|Any CPU = Debug|Any CPU
		Debug|x86 = Debug|x86
		Release|Any CPU = Release|Any CPU
		Release|x86 = Release|x86
	EndGlobalSection
	GlobalSection(ProjectConfigurationPlatforms) = postSolution
		{ABC929F2-96DC-4F74-9944-60D07457EF77}.Debug|Any CPU.ActiveCfg = Debug|x86
		{ABC929F2-96DC-4F74-9944-60D07457EF77}.Debug|x86.ActiveCfg = Debug|x86
		{ABC929F2-96DC-4F74-9944-60D07457EF77}.Debug|x86.Build.0 = Debug|x86
		{ABC929F2-96DC-4F74-9944-60D07457EF77}.Release|Any CPU.ActiveCfg = Release|x86
		{ABC929F2-96DC-4F74-9944-60D07457EF77}.Release|x86.ActiveCfg = Release|x86
		{ABC929F2-96DC-4F74-9944-60D07457EF77}.Release|x86.Build.0 = Release|x86
		{ABC9454F-6529-4D2C-A2F1-198A102871AA}.Debug|Any CPU.ActiveCfg = Debug|Any CPU
		{ABC9454F-6529-4D2C-A2F1-198A102871AA}.Debug|Any CPU.Build.0 = Debug|Any CPU
		{ABC9454F-6529-4D2C-A2F1-198A102871AA}.Debug|x86.ActiveCfg = Debug|Any CPU
		{ABC9454F-6529-4D2C-A2F1-198A102871AA}.Debug|x86.Build.0 = Debug|Any CPU
		{ABC9454F-6529-4D2C-A2F1-198A102871AA}.Release|Any CPU.ActiveCfg = Release|Any CPU
		{ABC9454F-6529-4D2C-A2F1-198A102871AA}.Release|Any CPU.Build.0 = Release|Any CPU
		{ABC9454F-6529-4D2C-A2F1-198A102871AA}.Release|x86.ActiveCfg = Release|Any CPU
		{ABC9454F-6529-4D2C-A2F1-198A102871AA}.Release|x86.Build.0 = Release|Any CPU
	EndGlobalSection
	GlobalSection(SolutionProperties) = preSolution
		HideSolutionNode = FALSE
	EndGlobalSection
EndGlobal
